
Microsoft Visual Studio Solution File, Format Version 12.00
# Visual Studio Version 17
VisualStudioVersion = 17.8.34309.116
MinimumVisualStudioVersion = 10.0.40219.1
Project("{8BC9CEB8-8B4A-11D0-8D11-00A0C91BC942}") = "Día 1", "Día 1\Día 1.vcxproj", "{1089856C-E9EE-4800-B15E-299E18BC6847}"
EndProject
Project("{8BC9CEB8-8B4A-11D0-8D11-00A0C91BC942}") = "Día 2", "Día 2\Día 2.vcxproj", "{E3204D4A-1211-4130-9EB3-D7F86F64D85E}"
EndProject
Project("{8BC9CEB8-8B4A-11D0-8D11-00A0C91BC942}") = "Día 3", "Día 3\Día 3.vcxproj", "{C57053E0-B654-4882-89DB-DF55B2CBB238}"
EndProject
Project("{8BC9CEB8-8B4A-11D0-8D11-00A0C91BC942}") = "Día 4", "Día 4\Día 4.vcxproj", "{6FD68E84-9515-48FF-95BC-B091D13AAA20}"
EndProject
Project("{8BC9CEB8-8B4A-11D0-8D11-00A0C91BC942}") = "Día 5", "Día 5\Día 5.vcxproj", "{3E4B513C-7A81-45B5-A627-4F3BDED576E3}"
EndProject
Project("{8BC9CEB8-8B4A-11D0-8D11-00A0C91BC942}") = "Día 6", "Día 6\Día 6.vcxproj", "{923DBF04-58FE-46F7-8798-ECB140BF7A69}"
EndProject
Project("{8BC9CEB8-8B4A-11D0-8D11-00A0C91BC942}") = "Día 7", "Día 7\Día 7.vcxproj", "{0DF5BA46-AB7F-4767-A557-F3D3F8C6DADA}"
EndProject
Project("{8BC9CEB8-8B4A-11D0-8D11-00A0C91BC942}") = "Día 8", "Día 8\Día 8.vcxproj", "{28F04770-E14C-4FFC-80C6-78B4E24EDB8C}"
EndProject
Project("{8BC9CEB8-8B4A-11D0-8D11-00A0C91BC942}") = "Día 9", "Día 9\Día 9.vcxproj", "{9BE06D8C-EF37-4441-9C10-157F677B48AA}"
EndProject
Project("{8BC9CEB8-8B4A-11D0-8D11-00A0C91BC942}") = "Día 10", "Día 10\Día 10.vcxproj", "{3E69D7B5-AC5A-492C-9806-EDEC80B7432B}"
EndProject
Project("{8BC9CEB8-8B4A-11D0-8D11-00A0C91BC942}") = "Día 11", "Día 11\Día 11.vcxproj", "{4D9D75FC-37E3-448F-937B-F3B9CDC7A8A7}"
EndProject
Project("{8BC9CEB8-8B4A-11D0-8D11-00A0C91BC942}") = "Día 12", "Día 12\Día 12.vcxproj", "{D2FEBE45-C78B-4FAE-AE6D-373A3AEFA3CE}"
EndProject
Project("{8BC9CEB8-8B4A-11D0-8D11-00A0C91BC942}") = "Día 13", "Día 13\Día 13.vcxproj", "{4B372CD6-32CA-404E-B485-1B7D87BBD90D}"
EndProject
Global
	GlobalSection(SolutionConfigurationPlatforms) = preSolution
		Debug|x64 = Debug|x64
		Debug|x86 = Debug|x86
		Release|x64 = Release|x64
		Release|x86 = Release|x86
	EndGlobalSection
	GlobalSection(ProjectConfigurationPlatforms) = postSolution
		{1089856C-E9EE-4800-B15E-299E18BC6847}.Debug|x64.ActiveCfg = Debug|x64
		{1089856C-E9EE-4800-B15E-299E18BC6847}.Debug|x64.Build.0 = Debug|x64
		{1089856C-E9EE-4800-B15E-299E18BC6847}.Debug|x86.ActiveCfg = Debug|Win32
		{1089856C-E9EE-4800-B15E-299E18BC6847}.Debug|x86.Build.0 = Debug|Win32
		{1089856C-E9EE-4800-B15E-299E18BC6847}.Release|x64.ActiveCfg = Release|x64
		{1089856C-E9EE-4800-B15E-299E18BC6847}.Release|x64.Build.0 = Release|x64
		{1089856C-E9EE-4800-B15E-299E18BC6847}.Release|x86.ActiveCfg = Release|Win32
		{1089856C-E9EE-4800-B15E-299E18BC6847}.Release|x86.Build.0 = Release|Win32
		{E3204D4A-1211-4130-9EB3-D7F86F64D85E}.Debug|x64.ActiveCfg = Debug|x64
		{E3204D4A-1211-4130-9EB3-D7F86F64D85E}.Debug|x64.Build.0 = Debug|x64
		{E3204D4A-1211-4130-9EB3-D7F86F64D85E}.Debug|x86.ActiveCfg = Debug|Win32
		{E3204D4A-1211-4130-9EB3-D7F86F64D85E}.Debug|x86.Build.0 = Debug|Win32
		{E3204D4A-1211-4130-9EB3-D7F86F64D85E}.Release|x64.ActiveCfg = Release|x64
		{E3204D4A-1211-4130-9EB3-D7F86F64D85E}.Release|x64.Build.0 = Release|x64
		{E3204D4A-1211-4130-9EB3-D7F86F64D85E}.Release|x86.ActiveCfg = Release|Win32
		{E3204D4A-1211-4130-9EB3-D7F86F64D85E}.Release|x86.Build.0 = Release|Win32
		{C57053E0-B654-4882-89DB-DF55B2CBB238}.Debug|x64.ActiveCfg = Debug|x64
		{C57053E0-B654-4882-89DB-DF55B2CBB238}.Debug|x64.Build.0 = Debug|x64
		{C57053E0-B654-4882-89DB-DF55B2CBB238}.Debug|x86.ActiveCfg = Debug|Win32
		{C57053E0-B654-4882-89DB-DF55B2CBB238}.Debug|x86.Build.0 = Debug|Win32
		{C57053E0-B654-4882-89DB-DF55B2CBB238}.Release|x64.ActiveCfg = Release|x64
		{C57053E0-B654-4882-89DB-DF55B2CBB238}.Release|x64.Build.0 = Release|x64
		{C57053E0-B654-4882-89DB-DF55B2CBB238}.Release|x86.ActiveCfg = Release|Win32
		{C57053E0-B654-4882-89DB-DF55B2CBB238}.Release|x86.Build.0 = Release|Win32
		{6FD68E84-9515-48FF-95BC-B091D13AAA20}.Debug|x64.ActiveCfg = Debug|x64
		{6FD68E84-9515-48FF-95BC-B091D13AAA20}.Debug|x64.Build.0 = Debug|x64
		{6FD68E84-9515-48FF-95BC-B091D13AAA20}.Debug|x86.ActiveCfg = Debug|Win32
		{6FD68E84-9515-48FF-95BC-B091D13AAA20}.Debug|x86.Build.0 = Debug|Win32
		{6FD68E84-9515-48FF-95BC-B091D13AAA20}.Release|x64.ActiveCfg = Release|x64
		{6FD68E84-9515-48FF-95BC-B091D13AAA20}.Release|x64.Build.0 = Release|x64
		{6FD68E84-9515-48FF-95BC-B091D13AAA20}.Release|x86.ActiveCfg = Release|Win32
		{6FD68E84-9515-48FF-95BC-B091D13AAA20}.Release|x86.Build.0 = Release|Win32
		{3E4B513C-7A81-45B5-A627-4F3BDED576E3}.Debug|x64.ActiveCfg = Debug|x64
		{3E4B513C-7A81-45B5-A627-4F3BDED576E3}.Debug|x64.Build.0 = Debug|x64
		{3E4B513C-7A81-45B5-A627-4F3BDED576E3}.Debug|x86.ActiveCfg = Debug|Win32
		{3E4B513C-7A81-45B5-A627-4F3BDED576E3}.Debug|x86.Build.0 = Debug|Win32
		{3E4B513C-7A81-45B5-A627-4F3BDED576E3}.Release|x64.ActiveCfg = Release|x64
		{3E4B513C-7A81-45B5-A627-4F3BDED576E3}.Release|x64.Build.0 = Release|x64
		{3E4B513C-7A81-45B5-A627-4F3BDED576E3}.Release|x86.ActiveCfg = Release|Win32
		{3E4B513C-7A81-45B5-A627-4F3BDED576E3}.Release|x86.Build.0 = Release|Win32
		{923DBF04-58FE-46F7-8798-ECB140BF7A69}.Debug|x64.ActiveCfg = Debug|x64
		{923DBF04-58FE-46F7-8798-ECB140BF7A69}.Debug|x64.Build.0 = Debug|x64
		{923DBF04-58FE-46F7-8798-ECB140BF7A69}.Debug|x86.ActiveCfg = Debug|Win32
		{923DBF04-58FE-46F7-8798-ECB140BF7A69}.Debug|x86.Build.0 = Debug|Win32
		{923DBF04-58FE-46F7-8798-ECB140BF7A69}.Release|x64.ActiveCfg = Release|x64
		{923DBF04-58FE-46F7-8798-ECB140BF7A69}.Release|x64.Build.0 = Release|x64
		{923DBF04-58FE-46F7-8798-ECB140BF7A69}.Release|x86.ActiveCfg = Release|Win32
		{923DBF04-58FE-46F7-8798-ECB140BF7A69}.Release|x86.Build.0 = Release|Win32
		{0DF5BA46-AB7F-4767-A557-F3D3F8C6DADA}.Debug|x64.ActiveCfg = Debug|x64
		{0DF5BA46-AB7F-4767-A557-F3D3F8C6DADA}.Debug|x64.Build.0 = Debug|x64
		{0DF5BA46-AB7F-4767-A557-F3D3F8C6DADA}.Debug|x86.ActiveCfg = Debug|Win32
		{0DF5BA46-AB7F-4767-A557-F3D3F8C6DADA}.Debug|x86.Build.0 = Debug|Win32
		{0DF5BA46-AB7F-4767-A557-F3D3F8C6DADA}.Release|x64.ActiveCfg = Release|x64
		{0DF5BA46-AB7F-4767-A557-F3D3F8C6DADA}.Release|x64.Build.0 = Release|x64
		{0DF5BA46-AB7F-4767-A557-F3D3F8C6DADA}.Release|x86.ActiveCfg = Release|Win32
		{0DF5BA46-AB7F-4767-A557-F3D3F8C6DADA}.Release|x86.Build.0 = Release|Win32
		{28F04770-E14C-4FFC-80C6-78B4E24EDB8C}.Debug|x64.ActiveCfg = Debug|x64
		{28F04770-E14C-4FFC-80C6-78B4E24EDB8C}.Debug|x64.Build.0 = Debug|x64
		{28F04770-E14C-4FFC-80C6-78B4E24EDB8C}.Debug|x86.ActiveCfg = Debug|Win32
		{28F04770-E14C-4FFC-80C6-78B4E24EDB8C}.Debug|x86.Build.0 = Debug|Win32
		{28F04770-E14C-4FFC-80C6-78B4E24EDB8C}.Release|x64.ActiveCfg = Release|x64
		{28F04770-E14C-4FFC-80C6-78B4E24EDB8C}.Release|x64.Build.0 = Release|x64
		{28F04770-E14C-4FFC-80C6-78B4E24EDB8C}.Release|x86.ActiveCfg = Release|Win32
		{28F04770-E14C-4FFC-80C6-78B4E24EDB8C}.Release|x86.Build.0 = Release|Win32
		{9BE06D8C-EF37-4441-9C10-157F677B48AA}.Debug|x64.ActiveCfg = Debug|x64
		{9BE06D8C-EF37-4441-9C10-157F677B48AA}.Debug|x64.Build.0 = Debug|x64
		{9BE06D8C-EF37-4441-9C10-157F677B48AA}.Debug|x86.ActiveCfg = Debug|Win32
		{9BE06D8C-EF37-4441-9C10-157F677B48AA}.Debug|x86.Build.0 = Debug|Win32
		{9BE06D8C-EF37-4441-9C10-157F677B48AA}.Release|x64.ActiveCfg = Release|x64
		{9BE06D8C-EF37-4441-9C10-157F677B48AA}.Release|x64.Build.0 = Release|x64
		{9BE06D8C-EF37-4441-9C10-157F677B48AA}.Release|x86.ActiveCfg = Release|Win32
		{9BE06D8C-EF37-4441-9C10-157F677B48AA}.Release|x86.Build.0 = Release|Win32
		{3E69D7B5-AC5A-492C-9806-EDEC80B7432B}.Debug|x64.ActiveCfg = Debug|x64
		{3E69D7B5-AC5A-492C-9806-EDEC80B7432B}.Debug|x64.Build.0 = Debug|x64
		{3E69D7B5-AC5A-492C-9806-EDEC80B7432B}.Debug|x86.ActiveCfg = Debug|Win32
		{3E69D7B5-AC5A-492C-9806-EDEC80B7432B}.Debug|x86.Build.0 = Debug|Win32
		{3E69D7B5-AC5A-492C-9806-EDEC80B7432B}.Release|x64.ActiveCfg = Release|x64
		{3E69D7B5-AC5A-492C-9806-EDEC80B7432B}.Release|x64.Build.0 = Release|x64
		{3E69D7B5-AC5A-492C-9806-EDEC80B7432B}.Release|x86.ActiveCfg = Release|Win32
		{3E69D7B5-AC5A-492C-9806-EDEC80B7432B}.Release|x86.Build.0 = Release|Win32
		{4D9D75FC-37E3-448F-937B-F3B9CDC7A8A7}.Debug|x64.ActiveCfg = Debug|x64
		{4D9D75FC-37E3-448F-937B-F3B9CDC7A8A7}.Debug|x64.Build.0 = Debug|x64
		{4D9D75FC-37E3-448F-937B-F3B9CDC7A8A7}.Debug|x86.ActiveCfg = Debug|Win32
		{4D9D75FC-37E3-448F-937B-F3B9CDC7A8A7}.Debug|x86.Build.0 = Debug|Win32
		{4D9D75FC-37E3-448F-937B-F3B9CDC7A8A7}.Release|x64.ActiveCfg = Release|x64
		{4D9D75FC-37E3-448F-937B-F3B9CDC7A8A7}.Release|x64.Build.0 = Release|x64
		{4D9D75FC-37E3-448F-937B-F3B9CDC7A8A7}.Release|x86.ActiveCfg = Release|Win32
		{4D9D75FC-37E3-448F-937B-F3B9CDC7A8A7}.Release|x86.Build.0 = Release|Win32
		{D2FEBE45-C78B-4FAE-AE6D-373A3AEFA3CE}.Debug|x64.ActiveCfg = Debug|x64
		{D2FEBE45-C78B-4FAE-AE6D-373A3AEFA3CE}.Debug|x64.Build.0 = Debug|x64
		{D2FEBE45-C78B-4FAE-AE6D-373A3AEFA3CE}.Debug|x86.ActiveCfg = Debug|Win32
		{D2FEBE45-C78B-4FAE-AE6D-373A3AEFA3CE}.Debug|x86.Build.0 = Debug|Win32
		{D2FEBE45-C78B-4FAE-AE6D-373A3AEFA3CE}.Release|x64.ActiveCfg = Release|x64
		{D2FEBE45-C78B-4FAE-AE6D-373A3AEFA3CE}.Release|x64.Build.0 = Release|x64
		{D2FEBE45-C78B-4FAE-AE6D-373A3AEFA3CE}.Release|x86.ActiveCfg = Release|Win32
		{D2FEBE45-C78B-4FAE-AE6D-373A3AEFA3CE}.Release|x86.Build.0 = Release|Win32
		{4B372CD6-32CA-404E-B485-1B7D87BBD90D}.Debug|x64.ActiveCfg = Debug|x64
		{4B372CD6-32CA-404E-B485-1B7D87BBD90D}.Debug|x64.Build.0 = Debug|x64
		{4B372CD6-32CA-404E-B485-1B7D87BBD90D}.Debug|x86.ActiveCfg = Debug|Win32
		{4B372CD6-32CA-404E-B485-1B7D87BBD90D}.Debug|x86.Build.0 = Debug|Win32
		{4B372CD6-32CA-404E-B485-1B7D87BBD90D}.Release|x64.ActiveCfg = Release|x64
		{4B372CD6-32CA-404E-B485-1B7D87BBD90D}.Release|x64.Build.0 = Release|x64
		{4B372CD6-32CA-404E-B485-1B7D87BBD90D}.Release|x86.ActiveCfg = Release|Win32
		{4B372CD6-32CA-404E-B485-1B7D87BBD90D}.Release|x86.Build.0 = Release|Win32
	EndGlobalSection
	GlobalSection(SolutionProperties) = preSolution
		HideSolutionNode = FALSE
	EndGlobalSection
	GlobalSection(ExtensibilityGlobals) = postSolution
		SolutionGuid = {7D0214D5-D762-4A3A-AC09-BC8424D19DD0}
	EndGlobalSection
EndGlobal
