
Microsoft Visual Studio Solution File, Format Version 12.00
# Visual Studio Version 17
VisualStudioVersion = 17.8.34309.116
MinimumVisualStudioVersion = 10.0.40219.1
Project("{8BC9CEB8-8B4A-11D0-8D11-00A0C91BC942}") = "Día 1", "Día 1\Día 1.vcxproj", "{1089856C-E9EE-4800-B15E-299E18BC6847}"
EndProject
Project("{8BC9CEB8-8B4A-11D0-8D11-00A0C91BC942}") = "Día 2", "Día 2\Día 2.vcxproj", "{E3204D4A-1211-4130-9EB3-D7F86F64D85E}"
EndProject
Global
	GlobalSection(SolutionConfigurationPlatforms) = preSolution
		Debug|x64 = Debug|x64
		Release|x64 = Release|x64
	EndGlobalSection
	GlobalSection(ProjectConfigurationPlatforms) = postSolution
		{1089856C-E9EE-4800-B15E-299E18BC6847}.Debug|x64.ActiveCfg = Debug|x64
		{1089856C-E9EE-4800-B15E-299E18BC6847}.Debug|x64.Build.0 = Debug|x64
		{1089856C-E9EE-4800-B15E-299E18BC6847}.Release|x64.ActiveCfg = Release|x64
		{1089856C-E9EE-4800-B15E-299E18BC6847}.Release|x64.Build.0 = Release|x64

		{E3204D4A-1211-4130-9EB3-D7F86F64D85E}.Debug|x64.ActiveCfg = Debug|x64
		{E3204D4A-1211-4130-9EB3-D7F86F64D85E}.Debug|x64.Build.0 = Debug|x64
		{E3204D4A-1211-4130-9EB3-D7F86F64D85E}.Release|x64.ActiveCfg = Release|x64
		{E3204D4A-1211-4130-9EB3-D7F86F64D85E}.Release|x64.Build.0 = Release|x64
	EndGlobalSection
	GlobalSection(SolutionProperties) = preSolution
		HideSolutionNode = FALSE
	EndGlobalSection
	GlobalSection(ExtensibilityGlobals) = postSolution
		SolutionGuid = {7D0214D5-D762-4A3A-AC09-BC8424D19DD0}
	EndGlobalSection
EndGlobal
